lockfileVersion: '6.0'

settings:
  autoInstallPeers: true
  excludeLinksFromLockfile: false

devDependencies:
  tsdown:
    specifier: ^0.12.6
    version: 0.12.6

packages:

  /@babel/generator@7.27.5:
    resolution: {integrity: sha512-ZGhA37l0e/g2s1Cnzdix0O3aLYm66eF8aufiVteOgnwxgnRP8GoyMj7VWsgWnQbVKXyge7hqrFh2K2TQM6t1Hw==}
    engines: {node: '>=6.9.0'}
    dependencies:
      '@babel/parser': 7.27.5
      '@babel/types': 7.27.3
      '@jridgewell/gen-mapping': 0.3.8
      '@jridgewell/trace-mapping': 0.3.25
      jsesc: 3.1.0
    dev: true

  /@babel/helper-string-parser@7.27.1:
    resolution: {integrity: sha512-qMlSxKbpRlAridDExk92nSobyDdpPijUq2DW6oDnUqd0iOGxmQjyqhMIihI9+zv4LPyZdRje2cavWPbCbWm3eA==}
    engines: {node: '>=6.9.0'}
    dev: true

  /@babel/helper-validator-identifier@7.27.1:
    resolution: {integrity: sha512-D2hP9eA+Sqx1kBZgzxZh0y1trbuU+JoDkiEwqhQ36nodYqJwyEIhPSdMNd7lOm/4io72luTPWH20Yda0xOuUow==}
    engines: {node: '>=6.9.0'}
    dev: true

  /@babel/parser@7.27.5:
    resolution: {integrity: sha512-OsQd175SxWkGlzbny8J3K8TnnDD0N3lrIUtB92xwyRpzaenGZhxDvxN/JgU00U3CDZNj9tPuDJ5H0WS4Nt3vKg==}
    engines: {node: '>=6.0.0'}
    hasBin: true
    dependencies:
      '@babel/types': 7.27.3
    dev: true

  /@babel/types@7.27.3:
    resolution: {integrity: sha512-Y1GkI4ktrtvmawoSq+4FCVHNryea6uR+qUQy0AGxLSsjCX0nVmkYQMBLHDkXZuo5hGx7eYdnIaslsdBFm7zbUw==}
    engines: {node: '>=6.9.0'}
    dependencies:
      '@babel/helper-string-parser': 7.27.1
      '@babel/helper-validator-identifier': 7.27.1
    dev: true

  /@jridgewell/gen-mapping@0.3.8:
    resolution: {integrity: sha512-imAbBGkb+ebQyxKgzv5Hu2nmROxoDOXHh80evxdoXNOrvAnVx7zimzc1Oo5h9RlfV4vPXaE2iM5pOFbvOCClWA==}
    engines: {node: '>=6.0.0'}
    dependencies:
      '@jridgewell/set-array': 1.2.1
      '@jridgewell/sourcemap-codec': 1.5.0
      '@jridgewell/trace-mapping': 0.3.25
    dev: true

  /@jridgewell/resolve-uri@3.1.2:
    resolution: {integrity: sha512-bRISgCIjP20/tbWSPWMEi54QVPRZExkuD9lJL+UIxUKtwVJA8wW1Trb1jMs1RFXo1CBTNZ/5hpC9QvmKWdopKw==}
    engines: {node: '>=6.0.0'}
    dev: true

  /@jridgewell/set-array@1.2.1:
    resolution: {integrity: sha512-R8gLRTZeyp03ymzP/6Lil/28tGeGEzhx1q2k703KGWRAI1VdvPIXdG70VJc2pAMw3NA6JKL5hhFu1sJX0Mnn/A==}
    engines: {node: '>=6.0.0'}
    dev: true

  /@jridgewell/sourcemap-codec@1.5.0:
    resolution: {integrity: sha512-gv3ZRaISU3fjPAgNsriBRqGWQL6quFx04YMPW/zD8XMLsU32mhCCbfbO6KZFLjvYpCZ8zyDEgqsgf+PwPaM7GQ==}
    dev: true

  /@jridgewell/trace-mapping@0.3.25:
    resolution: {integrity: sha512-vNk6aEwybGtawWmy/PzwnGDOjCkLWSD2wqvjGGAgOAwCGWySYXfYoxt00IJkTF+8Lb57DwOb3Aa0o9CApepiYQ==}
    dependencies:
      '@jridgewell/resolve-uri': 3.1.2
      '@jridgewell/sourcemap-codec': 1.5.0
    dev: true

  /@oxc-project/runtime@0.72.1:
    resolution: {integrity: sha512-8nU/WPeJWF6QJrT8HtEEIojz26bXn677deDX8BDVpjcz97CVKORVAvFhE2/lfjnBYE0+aqmjFeD17YnJQpCyqg==}
    engines: {node: '>=6.9.0'}
    dev: true

  /@oxc-project/types@0.72.1:
    resolution: {integrity: sha512-qlvcDuCjISt4W7Izw0i5+GS3zCKJLXkoNDEc+E4ploage35SlZqxahpdKbHDX8uD70KDVNYWtupsHoNETy5kPQ==}
    dev: true

  /@quansync/fs@0.1.3:
    resolution: {integrity: sha512-G0OnZbMWEs5LhDyqy2UL17vGhSVHkQIfVojMtEWVenvj0V5S84VBgy86kJIuNsGDp2p7sTKlpSIpBUWdC35OKg==}
    engines: {node: '>=20.0.0'}
    dependencies:
      quansync: 0.2.10
    dev: true

  /@rolldown/binding-darwin-arm64@1.0.0-beta.10-commit.87188ed:
    resolution: {integrity: sha512-0tuZTzzjQ1TV5gcoRrIHfRRMyBqzOHL9Yl7BZX5iR+J2hIUBJiq1P+mGAvTb/PDgkYWfEgtBde3AUMJtSj8+Hg==}
    cpu: [arm64]
    os: [darwin]
    requiresBuild: true
    dev: true
    optional: true

  /@rolldown/binding-darwin-x64@1.0.0-beta.10-commit.87188ed:
    resolution: {integrity: sha512-OmtnJvjXlLsPzdDhUdukImWQBztZWhlnDFSrIaBnMXF9WrqwgIG4FfRwQXXhS/iDyCdHqUVr8473OANzVv7Ang==}
    cpu: [x64]
    os: [darwin]
    requiresBuild: true
    dev: true
    optional: true

  /@rolldown/binding-freebsd-x64@1.0.0-beta.10-commit.87188ed:
    resolution: {integrity: sha512-rgtwGtvBGNc5aJROgxvD/ITwC0sY1KdGTADiG3vD1YXmkBCsZIBq1yhCUxz+qUhhIkmohmwqDcgUBCNpa7Wdjw==}
    cpu: [x64]
    os: [freebsd]
    requiresBuild: true
    dev: true
    optional: true

  /@rolldown/binding-linux-arm-gnueabihf@1.0.0-beta.10-commit.87188ed:
    resolution: {integrity: sha512-yeR/cWwnKdv8S/mJGL7ZE+Wt+unSWhhA5FraZtWPavOX6tfelUZIQlAeKrcti2exQbjIMFS4WJ1MyuclyIvFCQ==}
    cpu: [arm]
    os: [linux]
    requiresBuild: true
    dev: true
    optional: true

  /@rolldown/binding-linux-arm64-gnu@1.0.0-beta.10-commit.87188ed:
    resolution: {integrity: sha512-kg7yeU3XIGmaoKF1+u8OGJ/NE2XMpwgtQpCWzJh7Z8DhJDjMlszhV3DrnKjywI3NmVNCEXYwGO6mYff31xuHug==}
    cpu: [arm64]
    os: [linux]
    requiresBuild: true
    dev: true
    optional: true

  /@rolldown/binding-linux-arm64-musl@1.0.0-beta.10-commit.87188ed:
    resolution: {integrity: sha512-gvXDfeL4C6dql3Catf8HgnBnDy/zr8ZFX3f/edQ+QY0iJVHY/JG+bitRsNPWWOFmsv/Xm+qSyR44e5VW8Pi1oQ==}
    cpu: [arm64]
    os: [linux]
    requiresBuild: true
    dev: true
    optional: true

  /@rolldown/binding-linux-x64-gnu@1.0.0-beta.10-commit.87188ed:
    resolution: {integrity: sha512-rpzxr4TyvM3+tXGNjM3AEtgnUM9tpYe6EsIuLiU3fs+KaMKj5vOTr5k/eCACxnjDi4s78ARmqT+Z3ZS2E06U5w==}
    cpu: [x64]
    os: [linux]
    requiresBuild: true
    dev: true
    optional: true

  /@rolldown/binding-linux-x64-musl@1.0.0-beta.10-commit.87188ed:
    resolution: {integrity: sha512-cq+Gd1jEie1xxBNllnna21FPaWilWzQK+sI8kF1qMWRI6U909JjS/SzYR0UNLbvNa+neZh8dj37XnxCTQQ40Lw==}
    cpu: [x64]
    os: [linux]
    requiresBuild: true
    dev: true
    optional: true

  /@rolldown/binding-wasm32-wasi@1.0.0-beta.10-commit.87188ed:
    resolution: {integrity: sha512-xN4bJ0DQeWJiyerA46d5Lyv5Cor/FoNlbaO9jEOHZDdWz78E2xt/LE3bOND3c59gZa+/YUBEifs4lwixU/wWPg==}
    engines: {node: '>=14.21.3'}
    cpu: [wasm32]
    requiresBuild: true
    dev: true
    optional: true

  /@rolldown/binding-win32-arm64-msvc@1.0.0-beta.10-commit.87188ed:
    resolution: {integrity: sha512-xUHManwWX+Lox4zoTY5FiEDGJOjCO9X6hTospFX4f6ELmhJQNnAO4dahZDc/Ph+3wbc3724ZMCGWQvHfTR3wWg==}
    cpu: [arm64]
    os: [win32]
    requiresBuild: true
    dev: true
    optional: true

  /@rolldown/binding-win32-ia32-msvc@1.0.0-beta.10-commit.87188ed:
    resolution: {integrity: sha512-RmO3wCz9iD+grSgLyqMido8NJh6GxkPYRmK6Raoxcs5YC9GuKftxGoanBk0gtyjCKJ6jwizWKWNYJNkZSbWnOw==}
    cpu: [ia32]
    os: [win32]
    requiresBuild: true
    dev: true
    optional: true

  /@rolldown/binding-win32-x64-msvc@1.0.0-beta.10-commit.87188ed:
    resolution: {integrity: sha512-bWuJ5MoBd1qRCpC9uVxmFKrYjrWkn1ERElKnj0O9N2lWOi30iSTrpDeLMEvwueyiapcJh2PYUxyFE3W9pw29HQ==}
    cpu: [x64]
    os: [win32]
    requiresBuild: true
    dev: true
    optional: true

  /@rolldown/pluginutils@1.0.0-beta.10-commit.87188ed:
    resolution: {integrity: sha512-IjVRLSxjO7EzlW4S6O8AoWbCkEi1lOpE30G8Xw5ZK/zl39K/KjzsDPc1AwhftepueQnQHJMgZZG9ITEmxcF5/A==}
    dev: true

  /ansis@4.1.0:
    resolution: {integrity: sha512-BGcItUBWSMRgOCe+SVZJ+S7yTRG0eGt9cXAHev72yuGcY23hnLA7Bky5L/xLyPINoSN95geovfBkqoTlNZYa7w==}
    engines: {node: '>=14'}
    dev: true

  /ast-kit@2.1.0:
    resolution: {integrity: sha512-ROM2LlXbZBZVk97crfw8PGDOBzzsJvN2uJCmwswvPUNyfH14eg90mSN3xNqsri1JS1G9cz0VzeDUhxJkTrr4Ew==}
    engines: {node: '>=20.18.0'}
    dependencies:
      '@babel/parser': 7.27.5
      pathe: 2.0.3
    dev: true

  /birpc@2.3.0:
    resolution: {integrity: sha512-ijbtkn/F3Pvzb6jHypHRyve2QApOCZDR25D/VnkY2G/lBNcXCTsnsCxgY4k4PkVB7zfwzYbY3O9Lcqe3xufS5g==}
    dev: true

  /cac@6.7.14:
    resolution: {integrity: sha512-b6Ilus+c3RrdDk+JhLKUAQfzzgLEPy6wcXqS7f/xe1EETvsDP6GORG7SFuOs6cID5YkqchW/LXZbX5bc8j7ZcQ==}
    engines: {node: '>=8'}
    dev: true

  /chokidar@4.0.3:
    resolution: {integrity: sha512-Qgzu8kfBvo+cA4962jnP1KkS6Dop5NS6g7R5LFYJr4b8Ub94PPQXUksCw9PvXoeXPRRddRNC5C1JQUR2SMGtnA==}
    engines: {node: '>= 14.16.0'}
    dependencies:
      readdirp: 4.1.2
    dev: true

  /debug@4.4.1:
    resolution: {integrity: sha512-KcKCqiftBJcZr++7ykoDIEwSa3XWowTfNPo92BYxjXiyYEVrUQh2aLyhxBCwww+heortUFxEJYcRzosstTEBYQ==}
    engines: {node: '>=6.0'}
    peerDependencies:
      supports-color: '*'
    peerDependenciesMeta:
      supports-color:
        optional: true
    dependencies:
      ms: 2.1.3
    dev: true

  /defu@6.1.4:
    resolution: {integrity: sha512-mEQCMmwJu317oSz8CwdIOdwf3xMif1ttiM8LTufzc3g6kR+9Pe236twL8j3IYT1F7GfRgGcW6MWxzZjLIkuHIg==}
    dev: true

  /diff@8.0.2:
    resolution: {integrity: sha512-sSuxWU5j5SR9QQji/o2qMvqRNYRDOcBTgsJ/DeCf4iSN4gW+gNMXM7wFIP+fdXZxoNiAnHUTGjCr+TSWXdRDKg==}
    engines: {node: '>=0.3.1'}
    dev: true

  /dts-resolver@2.1.1:
    resolution: {integrity: sha512-3BiGFhB6mj5Kv+W2vdJseQUYW+SKVzAFJL6YNP6ursbrwy1fXHRotfHi3xLNxe4wZl/K8qbAFeCDjZLjzqxxRw==}
    engines: {node: '>=20.18.0'}
    peerDependencies:
      oxc-resolver: '>=11.0.0'
    peerDependenciesMeta:
      oxc-resolver:
        optional: true
    dev: true

  /empathic@1.1.0:
    resolution: {integrity: sha512-rsPft6CK3eHtrlp9Y5ALBb+hfK+DWnA4WFebbazxjWyx8vSm3rZeoM3z9irsjcqO3PYRzlfv27XIB4tz2DV7RA==}
    engines: {node: '>=14'}
    dev: true

  /fdir@6.4.5(picomatch@4.0.2):
    resolution: {integrity: sha512-4BG7puHpVsIYxZUbiUE3RqGloLaSSwzYie5jvasC4LWuBWzZawynvYouhjbQKw2JuIGYdm0DzIxl8iVidKlUEw==}
    peerDependencies:
      picomatch: ^3 || ^4
    peerDependenciesMeta:
      picomatch:
        optional: true
    dependencies:
      picomatch: 4.0.2
    dev: true

  /get-tsconfig@4.10.1:
    resolution: {integrity: sha512-auHyJ4AgMz7vgS8Hp3N6HXSmlMdUyhSUrfBF16w153rxtLIEOE+HGqaBppczZvnHLqQJfiHotCYpNhl0lUROFQ==}
    dependencies:
      resolve-pkg-maps: 1.0.0
    dev: true

  /hookable@5.5.3:
    resolution: {integrity: sha512-Yc+BQe8SvoXH1643Qez1zqLRmbA5rCL+sSmk6TVos0LWVfNIB7PGncdlId77WzLGSIB5KaWgTaNTs2lNVEI6VQ==}
    dev: true

  /jiti@2.4.2:
    resolution: {integrity: sha512-rg9zJN+G4n2nfJl5MW3BMygZX56zKPNVEYYqq7adpmMh4Jn2QNEwhvQlFy6jPVdcod7txZtKHWnyZiA3a0zP7A==}
    hasBin: true
    dev: true

  /jsesc@3.1.0:
    resolution: {integrity: sha512-/sM3dO2FOzXjKQhJuo0Q173wf2KOo8t4I8vHy6lF9poUp7bKT0/NHE8fPX23PwfhnykfqnC2xRxOnVw5XuGIaA==}
    engines: {node: '>=6'}
    hasBin: true
    dev: true

  /ms@2.1.3:
    resolution: {integrity: sha512-6FlzubTLZG3J2a/NVCAleEhjzq5oxgHyaCU9yYXvcLsvoVaHJq/s5xXI6/XXP6tz7R9xAOtHnSO/tXtF3WRTlA==}
    dev: true

  /pathe@2.0.3:
    resolution: {integrity: sha512-WUjGcAqP1gQacoQe+OBJsFA7Ld4DyXuUIjZ5cc75cLHvJ7dtNsTugphxIADwspS+AraAUePCKrSVtPLFj/F88w==}
    dev: true

  /picomatch@4.0.2:
    resolution: {integrity: sha512-M7BAV6Rlcy5u+m6oPhAPFgJTzAioX/6B0DxyvDlo9l8+T3nLKbrczg2WLUyzd45L8RqfUMyGPzekbMvX2Ldkwg==}
    engines: {node: '>=12'}
    dev: true

  /quansync@0.2.10:
    resolution: {integrity: sha512-t41VRkMYbkHyCYmOvx/6URnN80H7k4X0lLdBMGsz+maAwrJQYB1djpV6vHrQIBE0WBSGqhtEHrK9U3DWWH8v7A==}
    dev: true

  /readdirp@4.1.2:
    resolution: {integrity: sha512-GDhwkLfywWL2s6vEjyhri+eXmfH6j1L7JE27WhqLeYzoh/A3DBaYGEj2H/HFZCn/kMfim73FXxEJTw06WtxQwg==}
    engines: {node: '>= 14.18.0'}
    dev: true

  /resolve-pkg-maps@1.0.0:
    resolution: {integrity: sha512-seS2Tj26TBVOC2NIc2rOe2y2ZO7efxITtLZcGSOnHHNOQ7CkiUBfw0Iw2ck6xkIhPwLhKNLS8BO+hEpngQlqzw==}
    dev: true

  /rolldown-plugin-dts@0.13.8(rolldown@1.0.0-beta.10-commit.87188ed):
    resolution: {integrity: sha512-jib3ui3rgADoAXwyuCRid74yoi0ZGTLD0P/bQQXFeaVIdhh4ZXwU2RJ0eUmSFJX1fQVc+a3lfccrPEuV7vvRJg==}
    engines: {node: '>=20.18.0'}
    peerDependencies:
      '@typescript/native-preview': '>=7.0.0-dev.20250601.1'
      rolldown: ^1.0.0-beta.9
      typescript: ^5.0.0
      vue-tsc: ~2.2.0
    peerDependenciesMeta:
      '@typescript/native-preview':
        optional: true
      typescript:
        optional: true
      vue-tsc:
        optional: true
    dependencies:
      '@babel/generator': 7.27.5
      '@babel/parser': 7.27.5
      '@babel/types': 7.27.3
      ast-kit: 2.1.0
      birpc: 2.3.0
      debug: 4.4.1
      dts-resolver: 2.1.1
      get-tsconfig: 4.10.1
      rolldown: 1.0.0-beta.10-commit.87188ed
    transitivePeerDependencies:
      - oxc-resolver
      - supports-color
    dev: true

  /rolldown@1.0.0-beta.10-commit.87188ed:
    resolution: {integrity: sha512-D+iim+DHIwK9kbZvubENmtnYFqHfFV0OKwzT8yU/W+xyUK1A71+iRFmJYBGqNUo3fJ2Ob4oIQfan63mhzh614A==}
    hasBin: true
    dependencies:
      '@oxc-project/runtime': 0.72.1
      '@oxc-project/types': 0.72.1
      '@rolldown/pluginutils': 1.0.0-beta.10-commit.87188ed
      ansis: 4.1.0
    optionalDependencies:
      '@rolldown/binding-darwin-arm64': 1.0.0-beta.10-commit.87188ed
      '@rolldown/binding-darwin-x64': 1.0.0-beta.10-commit.87188ed
      '@rolldown/binding-freebsd-x64': 1.0.0-beta.10-commit.87188ed
      '@rolldown/binding-linux-arm-gnueabihf': 1.0.0-beta.10-commit.87188ed
      '@rolldown/binding-linux-arm64-gnu': 1.0.0-beta.10-commit.87188ed
      '@rolldown/binding-linux-arm64-musl': 1.0.0-beta.10-commit.87188ed
      '@rolldown/binding-linux-x64-gnu': 1.0.0-beta.10-commit.87188ed
      '@rolldown/binding-linux-x64-musl': 1.0.0-beta.10-commit.87188ed
      '@rolldown/binding-wasm32-wasi': 1.0.0-beta.10-commit.87188ed
      '@rolldown/binding-win32-arm64-msvc': 1.0.0-beta.10-commit.87188ed
      '@rolldown/binding-win32-ia32-msvc': 1.0.0-beta.10-commit.87188ed
      '@rolldown/binding-win32-x64-msvc': 1.0.0-beta.10-commit.87188ed
    dev: true

  /semver@7.7.2:
    resolution: {integrity: sha512-RF0Fw+rO5AMf9MAyaRXI4AV0Ulj5lMHqVxxdSgiVbixSCXoEmmX/jk0CuJw4+3SqroYO9VoUh+HcuJivvtJemA==}
    engines: {node: '>=10'}
    hasBin: true
    dev: true

  /tinyexec@1.0.1:
    resolution: {integrity: sha512-5uC6DDlmeqiOwCPmK9jMSdOuZTh8bU39Ys6yidB+UTt5hfZUPGAypSgFRiEp+jbi9qH40BLDvy85jIU88wKSqw==}
    dev: true

  /tinyglobby@0.2.14:
    resolution: {integrity: sha512-tX5e7OM1HnYr2+a2C/4V0htOcSQcoSTH9KgJnVvNm5zm/cyEWKJ7j7YutsH9CxMdtOkkLFy2AHrMci9IM8IPZQ==}
    engines: {node: '>=12.0.0'}
    dependencies:
      fdir: 6.4.5(picomatch@4.0.2)
      picomatch: 4.0.2
    dev: true

  /tsdown@0.12.6:
    resolution: {integrity: sha512-NIqmptXCYc0iZzSGNpFtWATTDM5MyqDfV7bhgqfrw8KJlEFLI9zYyF4uFDheEvudTMNH5dkcQUJaklpmHsA37A==}
    engines: {node: '>=18.0.0'}
    hasBin: true
    peerDependencies:
      '@arethetypeswrong/core': ^0.18.1
      publint: ^0.3.0
      typescript: ^5.0.0
      unplugin-lightningcss: ^0.4.0
      unplugin-unused: ^0.5.0
    peerDependenciesMeta:
      '@arethetypeswrong/core':
        optional: true
      publint:
        optional: true
      typescript:
        optional: true
      unplugin-lightningcss:
        optional: true
      unplugin-unused:
        optional: true
    dependencies:
      ansis: 4.1.0
      cac: 6.7.14
      chokidar: 4.0.3
      debug: 4.4.1
      diff: 8.0.2
      empathic: 1.1.0
      hookable: 5.5.3
      rolldown: 1.0.0-beta.10-commit.87188ed
      rolldown-plugin-dts: 0.13.8(rolldown@1.0.0-beta.10-commit.87188ed)
      semver: 7.7.2
      tinyexec: 1.0.1
      tinyglobby: 0.2.14
      unconfig: 7.3.2
    transitivePeerDependencies:
      - '@typescript/native-preview'
      - oxc-resolver
      - supports-color
      - vue-tsc
    dev: true

  /unconfig@7.3.2:
    resolution: {integrity: sha512-nqG5NNL2wFVGZ0NA/aCFw0oJ2pxSf1lwg4Z5ill8wd7K4KX/rQbHlwbh+bjctXL5Ly1xtzHenHGOK0b+lG6JVg==}
    dependencies:
      '@quansync/fs': 0.1.3
      defu: 6.1.4
      jiti: 2.4.2
      quansync: 0.2.10
    dev: true
